// !$*UTF8*$!
{
	archiveVersion = 1;
	classes = {
	};
	objectVersion = 51;
	objects = {

/* Begin PBXBuildFile section */
		041CD8C4240DB0A300F47651 /* NerveLogoBackground.mp4 in Resources */ = {isa = PBXBuildFile; fileRef = 041CD8C3240DB0A300F47651 /* NerveLogoBackground.mp4 */; };
		041DE6D92414489900CA4E21 /* MB_com.justynramirez.N3RVE_BlinkID_iOS_2020-04-06.mblic in Resources */ = {isa = PBXBuildFile; fileRef = 041DE6D82414489800CA4E21 /* MB_com.justynramirez.N3RVE_BlinkID_iOS_2020-04-06.mblic */; };
		041DE6DC24144BB300CA4E21 /* CustomOverlay.swift in Sources */ = {isa = PBXBuildFile; fileRef = 041DE6DB24144BB300CA4E21 /* CustomOverlay.swift */; };
		041DE6DE24144F4300CA4E21 /* Accelerate.framework in Frameworks */ = {isa = PBXBuildFile; fileRef = 041DE6DD24144F4300CA4E21 /* Accelerate.framework */; };
		041DE6E72414508600CA4E21 /* Microblink.framework in Frameworks */ = {isa = PBXBuildFile; fileRef = 041DE6E52414508500CA4E21 /* Microblink.framework */; };
		041DE6EA2414515E00CA4E21 /* libiconv.tbd in Frameworks */ = {isa = PBXBuildFile; fileRef = 041DE6E92414515E00CA4E21 /* libiconv.tbd */; };
		0447F6B0240AF2B60056244E /* TitilliumWeb-Italic.ttf in Resources */ = {isa = PBXBuildFile; fileRef = 0447F6A5240AF2B50056244E /* TitilliumWeb-Italic.ttf */; };
		0447F6B1240AF2B60056244E /* TitilliumWeb-ExtraLight.ttf in Resources */ = {isa = PBXBuildFile; fileRef = 0447F6A6240AF2B50056244E /* TitilliumWeb-ExtraLight.ttf */; };
		0447F6B2240AF2B60056244E /* TitilliumWeb-Light.ttf in Resources */ = {isa = PBXBuildFile; fileRef = 0447F6A7240AF2B50056244E /* TitilliumWeb-Light.ttf */; };
		0447F6B3240AF2B60056244E /* TitilliumWeb-BoldItalic.ttf in Resources */ = {isa = PBXBuildFile; fileRef = 0447F6A8240AF2B50056244E /* TitilliumWeb-BoldItalic.ttf */; };
		0447F6B4240AF2B60056244E /* TitilliumWeb-Bold.ttf in Resources */ = {isa = PBXBuildFile; fileRef = 0447F6A9240AF2B60056244E /* TitilliumWeb-Bold.ttf */; };
		0447F6B5240AF2B60056244E /* TitilliumWeb-Regular.ttf in Resources */ = {isa = PBXBuildFile; fileRef = 0447F6AA240AF2B60056244E /* TitilliumWeb-Regular.ttf */; };
		0447F6B6240AF2B60056244E /* TitilliumWeb-SemiBold.ttf in Resources */ = {isa = PBXBuildFile; fileRef = 0447F6AB240AF2B60056244E /* TitilliumWeb-SemiBold.ttf */; };
		0447F6B7240AF2B60056244E /* TitilliumWeb-Black.ttf in Resources */ = {isa = PBXBuildFile; fileRef = 0447F6AC240AF2B60056244E /* TitilliumWeb-Black.ttf */; };
		0447F6B8240AF2B60056244E /* TitilliumWeb-SemiBoldItalic.ttf in Resources */ = {isa = PBXBuildFile; fileRef = 0447F6AD240AF2B60056244E /* TitilliumWeb-SemiBoldItalic.ttf */; };
		0447F6B9240AF2B60056244E /* TitilliumWeb-ExtraLightItalic.ttf in Resources */ = {isa = PBXBuildFile; fileRef = 0447F6AE240AF2B60056244E /* TitilliumWeb-ExtraLightItalic.ttf */; };
		0447F6BA240AF2B60056244E /* TitilliumWeb-LightItalic.ttf in Resources */ = {isa = PBXBuildFile; fileRef = 0447F6AF240AF2B60056244E /* TitilliumWeb-LightItalic.ttf */; };
		0447F6C5240B025F0056244E /* SceneDelegate.swift in Sources */ = {isa = PBXBuildFile; fileRef = 0447F6C4240B025F0056244E /* SceneDelegate.swift */; };
		0447F6CD240B2BAF0056244E /* GlitchBackground.mp4 in Resources */ = {isa = PBXBuildFile; fileRef = 0447F6CC240B2BAF0056244E /* GlitchBackground.mp4 */; };
		0447F6CF240B71BD0056244E /* GoogleService-Info.plist in Resources */ = {isa = PBXBuildFile; fileRef = 0447F6CE240B71BD0056244E /* GoogleService-Info.plist */; };
		044BB18C240F6D2B007E3694 /* BackgroundVid.mp4 in Resources */ = {isa = PBXBuildFile; fileRef = 044BB18B240F6D2B007E3694 /* BackgroundVid.mp4 */; };
		044BB18E240F7797007E3694 /* OtherUserProfile.swift in Sources */ = {isa = PBXBuildFile; fileRef = 044BB18D240F7797007E3694 /* OtherUserProfile.swift */; };
		046726702409D071009720FE /* SplashScreenAndSound.mp4 in Resources */ = {isa = PBXBuildFile; fileRef = 0467266F2409D053009720FE /* SplashScreenAndSound.mp4 */; };
		04672678240A1000009720FE /* ButtonClick.wav in Resources */ = {isa = PBXBuildFile; fileRef = 04672677240A1000009720FE /* ButtonClick.wav */; };
		0476E09D240EB5B500E2C2DB /* BackgroundMusic.wav in Resources */ = {isa = PBXBuildFile; fileRef = 0476E09C240EB5B500E2C2DB /* BackgroundMusic.wav */; };
		04F084BA241043B600FC054F /* LiveViewController.swift in Sources */ = {isa = PBXBuildFile; fileRef = 04F084B9241043B600FC054F /* LiveViewController.swift */; };
		04F0852024104BB800FC054F /* AudioToolbox.framework in Frameworks */ = {isa = PBXBuildFile; fileRef = 04F0851F24104BB800FC054F /* AudioToolbox.framework */; settings = {ATTRIBUTES = (Weak, ); }; };
		04F0852224104BC600FC054F /* AVFoundation.framework in Frameworks */ = {isa = PBXBuildFile; fileRef = 04F0852124104BC600FC054F /* AVFoundation.framework */; };
		04F0852424104BCE00FC054F /* CoreGraphics.framework in Frameworks */ = {isa = PBXBuildFile; fileRef = 04F0852324104BCE00FC054F /* CoreGraphics.framework */; };
		04F0852624104BFA00FC054F /* CoreLocation.framework in Frameworks */ = {isa = PBXBuildFile; fileRef = 04F0852524104BFA00FC054F /* CoreLocation.framework */; };
		04F0852824104C0400FC054F /* CoreMedia.framework in Frameworks */ = {isa = PBXBuildFile; fileRef = 04F0852724104C0400FC054F /* CoreMedia.framework */; };
		04F0852A24104C0D00FC054F /* CoreTelephony.framework in Frameworks */ = {isa = PBXBuildFile; fileRef = 04F0852924104C0D00FC054F /* CoreTelephony.framework */; };
		04F0852C24104C1500FC054F /* CoreVideo.framework in Frameworks */ = {isa = PBXBuildFile; fileRef = 04F0852B24104C1500FC054F /* CoreVideo.framework */; };
		04F0852E24104C2200FC054F /* Foundation.framework in Frameworks */ = {isa = PBXBuildFile; fileRef = 04F0852D24104C2200FC054F /* Foundation.framework */; };
		04F0853024104C2A00FC054F /* QuartzCore.framework in Frameworks */ = {isa = PBXBuildFile; fileRef = 04F0852F24104C2A00FC054F /* QuartzCore.framework */; };
		04F0853224104C3900FC054F /* libz.tbd in Frameworks */ = {isa = PBXBuildFile; fileRef = 04F0853124104C3900FC054F /* libz.tbd */; };
		04F0853424104C4100FC054F /* libc++.tbd in Frameworks */ = {isa = PBXBuildFile; fileRef = 04F0853324104C4100FC054F /* libc++.tbd */; };
		04F0853624104C4A00FC054F /* SystemConfiguration.framework in Frameworks */ = {isa = PBXBuildFile; fileRef = 04F0853524104C4A00FC054F /* SystemConfiguration.framework */; };
		04F0853824104C6000FC054F /* UIKit.framework in Frameworks */ = {isa = PBXBuildFile; fileRef = 04F0853724104C6000FC054F /* UIKit.framework */; };
		04F0853A24104C6500FC054F /* VideoToolbox.framework in Frameworks */ = {isa = PBXBuildFile; fileRef = 04F0853924104C6500FC054F /* VideoToolbox.framework */; };
		04F0854524104C8800FC054F /* libbambuserplayer.a in Frameworks */ = {isa = PBXBuildFile; fileRef = 04F0854324104C8800FC054F /* libbambuserplayer.a */; };
		04F0854624104C8800FC054F /* libbambuser.a in Frameworks */ = {isa = PBXBuildFile; fileRef = 04F0854424104C8800FC054F /* libbambuser.a */; };
		04F085482410587300FC054F /* MediaPlayer.framework in Frameworks */ = {isa = PBXBuildFile; fileRef = 04F085472410587300FC054F /* MediaPlayer.framework */; };
		04F0854B2410C05800FC054F /* AlertController.swift in Sources */ = {isa = PBXBuildFile; fileRef = 04F0854A2410C05800FC054F /* AlertController.swift */; };
		04FB8EE4240A361000C118B2 /* (null) in Embed Frameworks */ = {isa = PBXBuildFile; settings = {ATTRIBUTES = (CodeSignOnCopy, RemoveHeadersOnCopy, ); }; };
		227883E838DF63C897374843 /* Pods_N3RVE_N3RVEUITests.framework in Frameworks */ = {isa = PBXBuildFile; fileRef = 8FDF3CCED1577B55CC89959A /* Pods_N3RVE_N3RVEUITests.framework */; };
		4346663F68CA80B017AEB3DB /* Pods_N3RVE.framework in Frameworks */ = {isa = PBXBuildFile; fileRef = 12DA4904A35791F37AE6614B /* Pods_N3RVE.framework */; };
		7EA3386C8F41FA3F7C4676F1 /* Pods_N3RVETests.framework in Frameworks */ = {isa = PBXBuildFile; fileRef = C1147EF211D7752ED9B69F81 /* Pods_N3RVETests.framework */; };
		DE27F751217BD1920040A300 /* SplashScreen.swift in Sources */ = {isa = PBXBuildFile; fileRef = DE27F750217BD1910040A300 /* SplashScreen.swift */; };
		DE29472121727D6C00C7D64A /* AppDelegate.swift in Sources */ = {isa = PBXBuildFile; fileRef = DE29472021727D6C00C7D64A /* AppDelegate.swift */; };
		DE29472321727D6C00C7D64A /* Home.swift in Sources */ = {isa = PBXBuildFile; fileRef = DE29472221727D6C00C7D64A /* Home.swift */; };
		DE29472621727D6C00C7D64A /* Main.storyboard in Resources */ = {isa = PBXBuildFile; fileRef = DE29472421727D6C00C7D64A /* Main.storyboard */; };
		DE29472821727D6F00C7D64A /* Assets.xcassets in Resources */ = {isa = PBXBuildFile; fileRef = DE29472721727D6F00C7D64A /* Assets.xcassets */; };
		DE29472B21727D6F00C7D64A /* LaunchScreen.storyboard in Resources */ = {isa = PBXBuildFile; fileRef = DE29472921727D6F00C7D64A /* LaunchScreen.storyboard */; };
		DE29473621727D6F00C7D64A /* AerisTests.swift in Sources */ = {isa = PBXBuildFile; fileRef = DE29473521727D6F00C7D64A /* AerisTests.swift */; };
		DE29474121727D7000C7D64A /* AerisUITests.swift in Sources */ = {isa = PBXBuildFile; fileRef = DE29474021727D7000C7D64A /* AerisUITests.swift */; };
		DE4826ED21740AC500E2CDF2 /* Settings.swift in Sources */ = {isa = PBXBuildFile; fileRef = DE4826EC21740AC500E2CDF2 /* Settings.swift */; };
		DEF2C888217283F2008F75A4 /* PlayerViewController.swift in Sources */ = {isa = PBXBuildFile; fileRef = DEF2C887217283F2008F75A4 /* PlayerViewController.swift */; };
		DEF2C88A21728EF0008F75A4 /* UserProfile.swift in Sources */ = {isa = PBXBuildFile; fileRef = DEF2C88921728EF0008F75A4 /* UserProfile.swift */; };
		DEF2C88C21728F3B008F75A4 /* LoginScreen.swift in Sources */ = {isa = PBXBuildFile; fileRef = DEF2C88B21728F3B008F75A4 /* LoginScreen.swift */; };
		DEF2C88E21728F52008F75A4 /* SingUpScreen.swift in Sources */ = {isa = PBXBuildFile; fileRef = DEF2C88D21728F52008F75A4 /* SingUpScreen.swift */; };
		DEF2C89021728F72008F75A4 /* HomePage.swift in Sources */ = {isa = PBXBuildFile; fileRef = DEF2C88F21728F72008F75A4 /* HomePage.swift */; };
		DEF2C89421729062008F75A4 /* Category5.swift in Sources */ = {isa = PBXBuildFile; fileRef = DEF2C89321729062008F75A4 /* Category5.swift */; };
		DEF2C8982172995B008F75A4 /* Results.swift in Sources */ = {isa = PBXBuildFile; fileRef = DEF2C8972172995B008F75A4 /* Results.swift */; };
		DEF2C89A2172A9D6008F75A4 /* SignUpNextScreen.swift in Sources */ = {isa = PBXBuildFile; fileRef = DEF2C8992172A9D6008F75A4 /* SignUpNextScreen.swift */; };
/* End PBXBuildFile section */

/* Begin PBXContainerItemProxy section */
		DE29473221727D6F00C7D64A /* PBXContainerItemProxy */ = {
			isa = PBXContainerItemProxy;
			containerPortal = DE29471521727D6B00C7D64A /* Project object */;
			proxyType = 1;
			remoteGlobalIDString = DE29471C21727D6C00C7D64A;
			remoteInfo = Aeris;
		};
		DE29473D21727D7000C7D64A /* PBXContainerItemProxy */ = {
			isa = PBXContainerItemProxy;
			containerPortal = DE29471521727D6B00C7D64A /* Project object */;
			proxyType = 1;
			remoteGlobalIDString = DE29471C21727D6C00C7D64A;
			remoteInfo = Aeris;
		};
/* End PBXContainerItemProxy section */

/* Begin PBXCopyFilesBuildPhase section */
		04FB8EE5240A361000C118B2 /* Embed Frameworks */ = {
			isa = PBXCopyFilesBuildPhase;
			buildActionMask = 2147483647;
			dstPath = "";
			dstSubfolderSpec = 10;
			files = (
				04FB8EE4240A361000C118B2 /* (null) in Embed Frameworks */,
			);
			name = "Embed Frameworks";
			runOnlyForDeploymentPostprocessing = 0;
		};
/* End PBXCopyFilesBuildPhase section */

/* Begin PBXFileReference section */
		041CD8C3240DB0A300F47651 /* NerveLogoBackground.mp4 */ = {isa = PBXFileReference; lastKnownFileType = file; path = NerveLogoBackground.mp4; sourceTree = "<group>"; };
		041DE6D82414489800CA4E21 /* MB_com.justynramirez.N3RVE_BlinkID_iOS_2020-04-06.mblic */ = {isa = PBXFileReference; lastKnownFileType = file; path = "MB_com.justynramirez.N3RVE_BlinkID_iOS_2020-04-06.mblic"; sourceTree = "<group>"; };
		041DE6DB24144BB300CA4E21 /* CustomOverlay.swift */ = {isa = PBXFileReference; fileEncoding = 4; lastKnownFileType = sourcecode.swift; path = CustomOverlay.swift; sourceTree = "<group>"; };
		041DE6DD24144F4300CA4E21 /* Accelerate.framework */ = {isa = PBXFileReference; lastKnownFileType = wrapper.framework; name = Accelerate.framework; path = System/Library/Frameworks/Accelerate.framework; sourceTree = SDKROOT; };
		041DE6E52414508500CA4E21 /* Microblink.framework */ = {isa = PBXFileReference; lastKnownFileType = wrapper.framework; name = Microblink.framework; path = "../../../../Downloads/blinkid-ios-master/Microblink.framework"; sourceTree = "<group>"; };
		041DE6E62414508500CA4E21 /* Microblink.bundle */ = {isa = PBXFileReference; lastKnownFileType = "wrapper.plug-in"; name = Microblink.bundle; path = "../../../../Downloads/blinkid-ios-master/Microblink.bundle"; sourceTree = "<group>"; };
		041DE6E92414515E00CA4E21 /* libiconv.tbd */ = {isa = PBXFileReference; lastKnownFileType = "sourcecode.text-based-dylib-definition"; name = libiconv.tbd; path = usr/lib/libiconv.tbd; sourceTree = SDKROOT; };
		0447F6A5240AF2B50056244E /* TitilliumWeb-Italic.ttf */ = {isa = PBXFileReference; lastKnownFileType = file; path = "TitilliumWeb-Italic.ttf"; sourceTree = "<group>"; };
		0447F6A6240AF2B50056244E /* TitilliumWeb-ExtraLight.ttf */ = {isa = PBXFileReference; lastKnownFileType = file; path = "TitilliumWeb-ExtraLight.ttf"; sourceTree = "<group>"; };
		0447F6A7240AF2B50056244E /* TitilliumWeb-Light.ttf */ = {isa = PBXFileReference; lastKnownFileType = file; path = "TitilliumWeb-Light.ttf"; sourceTree = "<group>"; };
		0447F6A8240AF2B50056244E /* TitilliumWeb-BoldItalic.ttf */ = {isa = PBXFileReference; lastKnownFileType = file; path = "TitilliumWeb-BoldItalic.ttf"; sourceTree = "<group>"; };
		0447F6A9240AF2B60056244E /* TitilliumWeb-Bold.ttf */ = {isa = PBXFileReference; lastKnownFileType = file; path = "TitilliumWeb-Bold.ttf"; sourceTree = "<group>"; };
		0447F6AA240AF2B60056244E /* TitilliumWeb-Regular.ttf */ = {isa = PBXFileReference; lastKnownFileType = file; path = "TitilliumWeb-Regular.ttf"; sourceTree = "<group>"; };
		0447F6AB240AF2B60056244E /* TitilliumWeb-SemiBold.ttf */ = {isa = PBXFileReference; lastKnownFileType = file; path = "TitilliumWeb-SemiBold.ttf"; sourceTree = "<group>"; };
		0447F6AC240AF2B60056244E /* TitilliumWeb-Black.ttf */ = {isa = PBXFileReference; lastKnownFileType = file; path = "TitilliumWeb-Black.ttf"; sourceTree = "<group>"; };
		0447F6AD240AF2B60056244E /* TitilliumWeb-SemiBoldItalic.ttf */ = {isa = PBXFileReference; lastKnownFileType = file; path = "TitilliumWeb-SemiBoldItalic.ttf"; sourceTree = "<group>"; };
		0447F6AE240AF2B60056244E /* TitilliumWeb-ExtraLightItalic.ttf */ = {isa = PBXFileReference; lastKnownFileType = file; path = "TitilliumWeb-ExtraLightItalic.ttf"; sourceTree = "<group>"; };
		0447F6AF240AF2B60056244E /* TitilliumWeb-LightItalic.ttf */ = {isa = PBXFileReference; lastKnownFileType = file; path = "TitilliumWeb-LightItalic.ttf"; sourceTree = "<group>"; };
		0447F6C4240B025F0056244E /* SceneDelegate.swift */ = {isa = PBXFileReference; fileEncoding = 4; lastKnownFileType = sourcecode.swift; path = SceneDelegate.swift; sourceTree = "<group>"; };
		0447F6CC240B2BAF0056244E /* GlitchBackground.mp4 */ = {isa = PBXFileReference; lastKnownFileType = file; path = GlitchBackground.mp4; sourceTree = "<group>"; };
		0447F6CE240B71BD0056244E /* GoogleService-Info.plist */ = {isa = PBXFileReference; fileEncoding = 4; lastKnownFileType = text.plist.xml; path = "GoogleService-Info.plist"; sourceTree = "<group>"; };
		044BB18B240F6D2B007E3694 /* BackgroundVid.mp4 */ = {isa = PBXFileReference; lastKnownFileType = file; path = BackgroundVid.mp4; sourceTree = "<group>"; };
		044BB18D240F7797007E3694 /* OtherUserProfile.swift */ = {isa = PBXFileReference; lastKnownFileType = sourcecode.swift; path = OtherUserProfile.swift; sourceTree = "<group>"; };
		0467266F2409D053009720FE /* SplashScreenAndSound.mp4 */ = {isa = PBXFileReference; lastKnownFileType = file; path = SplashScreenAndSound.mp4; sourceTree = "<group>"; };
		04672677240A1000009720FE /* ButtonClick.wav */ = {isa = PBXFileReference; lastKnownFileType = audio.wav; path = ButtonClick.wav; sourceTree = "<group>"; };
		0476E09C240EB5B500E2C2DB /* BackgroundMusic.wav */ = {isa = PBXFileReference; lastKnownFileType = audio.wav; path = BackgroundMusic.wav; sourceTree = "<group>"; };
		04F084B9241043B600FC054F /* LiveViewController.swift */ = {isa = PBXFileReference; lastKnownFileType = sourcecode.swift; path = LiveViewController.swift; sourceTree = "<group>"; };
		04F0851F24104BB800FC054F /* AudioToolbox.framework */ = {isa = PBXFileReference; lastKnownFileType = wrapper.framework; name = AudioToolbox.framework; path = System/Library/Frameworks/AudioToolbox.framework; sourceTree = SDKROOT; };
		04F0852124104BC600FC054F /* AVFoundation.framework */ = {isa = PBXFileReference; lastKnownFileType = wrapper.framework; name = AVFoundation.framework; path = System/Library/Frameworks/AVFoundation.framework; sourceTree = SDKROOT; };
		04F0852324104BCE00FC054F /* CoreGraphics.framework */ = {isa = PBXFileReference; lastKnownFileType = wrapper.framework; name = CoreGraphics.framework; path = System/Library/Frameworks/CoreGraphics.framework; sourceTree = SDKROOT; };
		04F0852524104BFA00FC054F /* CoreLocation.framework */ = {isa = PBXFileReference; lastKnownFileType = wrapper.framework; name = CoreLocation.framework; path = System/Library/Frameworks/CoreLocation.framework; sourceTree = SDKROOT; };
		04F0852724104C0400FC054F /* CoreMedia.framework */ = {isa = PBXFileReference; lastKnownFileType = wrapper.framework; name = CoreMedia.framework; path = System/Library/Frameworks/CoreMedia.framework; sourceTree = SDKROOT; };
		04F0852924104C0D00FC054F /* CoreTelephony.framework */ = {isa = PBXFileReference; lastKnownFileType = wrapper.framework; name = CoreTelephony.framework; path = System/Library/Frameworks/CoreTelephony.framework; sourceTree = SDKROOT; };
		04F0852B24104C1500FC054F /* CoreVideo.framework */ = {isa = PBXFileReference; lastKnownFileType = wrapper.framework; name = CoreVideo.framework; path = System/Library/Frameworks/CoreVideo.framework; sourceTree = SDKROOT; };
		04F0852D24104C2200FC054F /* Foundation.framework */ = {isa = PBXFileReference; lastKnownFileType = wrapper.framework; name = Foundation.framework; path = System/Library/Frameworks/Foundation.framework; sourceTree = SDKROOT; };
		04F0852F24104C2A00FC054F /* QuartzCore.framework */ = {isa = PBXFileReference; lastKnownFileType = wrapper.framework; name = QuartzCore.framework; path = System/Library/Frameworks/QuartzCore.framework; sourceTree = SDKROOT; };
		04F0853124104C3900FC054F /* libz.tbd */ = {isa = PBXFileReference; lastKnownFileType = "sourcecode.text-based-dylib-definition"; name = libz.tbd; path = usr/lib/libz.tbd; sourceTree = SDKROOT; };
		04F0853324104C4100FC054F /* libc++.tbd */ = {isa = PBXFileReference; lastKnownFileType = "sourcecode.text-based-dylib-definition"; name = "libc++.tbd"; path = "usr/lib/libc++.tbd"; sourceTree = SDKROOT; };
		04F0853524104C4A00FC054F /* SystemConfiguration.framework */ = {isa = PBXFileReference; lastKnownFileType = wrapper.framework; name = SystemConfiguration.framework; path = System/Library/Frameworks/SystemConfiguration.framework; sourceTree = SDKROOT; };
		04F0853724104C6000FC054F /* UIKit.framework */ = {isa = PBXFileReference; lastKnownFileType = wrapper.framework; name = UIKit.framework; path = System/Library/Frameworks/UIKit.framework; sourceTree = SDKROOT; };
		04F0853924104C6500FC054F /* VideoToolbox.framework */ = {isa = PBXFileReference; lastKnownFileType = wrapper.framework; name = VideoToolbox.framework; path = System/Library/Frameworks/VideoToolbox.framework; sourceTree = SDKROOT; };
		04F0853D24104C8800FC054F /* libbambuserplayer-constants.h */ = {isa = PBXFileReference; fileEncoding = 4; lastKnownFileType = sourcecode.c.h; path = "libbambuserplayer-constants.h"; sourceTree = "<group>"; };
		04F0853E24104C8800FC054F /* BambuserViewDelegate.h */ = {isa = PBXFileReference; fileEncoding = 4; lastKnownFileType = sourcecode.c.h; path = BambuserViewDelegate.h; sourceTree = "<group>"; };
		04F0853F24104C8800FC054F /* BambuserConstants.h */ = {isa = PBXFileReference; fileEncoding = 4; lastKnownFileType = sourcecode.c.h; path = BambuserConstants.h; sourceTree = "<group>"; };
		04F0854024104C8800FC054F /* libbambuserplayer.h */ = {isa = PBXFileReference; fileEncoding = 4; lastKnownFileType = sourcecode.c.h; path = libbambuserplayer.h; sourceTree = "<group>"; };
		04F0854124104C8800FC054F /* libbambuser.h */ = {isa = PBXFileReference; fileEncoding = 4; lastKnownFileType = sourcecode.c.h; path = libbambuser.h; sourceTree = "<group>"; };
		04F0854324104C8800FC054F /* libbambuserplayer.a */ = {isa = PBXFileReference; lastKnownFileType = archive.ar; path = libbambuserplayer.a; sourceTree = "<group>"; };
		04F0854424104C8800FC054F /* libbambuser.a */ = {isa = PBXFileReference; lastKnownFileType = archive.ar; path = libbambuser.a; sourceTree = "<group>"; };
		04F085472410587300FC054F /* MediaPlayer.framework */ = {isa = PBXFileReference; lastKnownFileType = wrapper.framework; name = MediaPlayer.framework; path = System/Library/Frameworks/MediaPlayer.framework; sourceTree = SDKROOT; };
		04F08549241059D300FC054F /* libbambuserplayer-bridge.h */ = {isa = PBXFileReference; fileEncoding = 4; lastKnownFileType = sourcecode.c.h; path = "libbambuserplayer-bridge.h"; sourceTree = "<group>"; };
		04F0854A2410C05800FC054F /* AlertController.swift */ = {isa = PBXFileReference; lastKnownFileType = sourcecode.swift; path = AlertController.swift; sourceTree = "<group>"; };
		12DA4904A35791F37AE6614B /* Pods_N3RVE.framework */ = {isa = PBXFileReference; explicitFileType = wrapper.framework; includeInIndex = 0; path = Pods_N3RVE.framework; sourceTree = BUILT_PRODUCTS_DIR; };
		2649F0E79A940347E7DF8AD0 /* Pods-N3RVETests.release.xcconfig */ = {isa = PBXFileReference; includeInIndex = 1; lastKnownFileType = text.xcconfig; name = "Pods-N3RVETests.release.xcconfig"; path = "Target Support Files/Pods-N3RVETests/Pods-N3RVETests.release.xcconfig"; sourceTree = "<group>"; };
		2BEF3E1F60D9B4175B66FA0C /* Pods-N3RVE-N3RVEUITests.debug.xcconfig */ = {isa = PBXFileReference; includeInIndex = 1; lastKnownFileType = text.xcconfig; name = "Pods-N3RVE-N3RVEUITests.debug.xcconfig"; path = "Target Support Files/Pods-N3RVE-N3RVEUITests/Pods-N3RVE-N3RVEUITests.debug.xcconfig"; sourceTree = "<group>"; };
		47A680E530A1C9D716ADBDC7 /* Pods-N3RVE.debug.xcconfig */ = {isa = PBXFileReference; includeInIndex = 1; lastKnownFileType = text.xcconfig; name = "Pods-N3RVE.debug.xcconfig"; path = "Target Support Files/Pods-N3RVE/Pods-N3RVE.debug.xcconfig"; sourceTree = "<group>"; };
		641CA221E579ADCD868A9AB6 /* Pods-N3RVETests.debug.xcconfig */ = {isa = PBXFileReference; includeInIndex = 1; lastKnownFileType = text.xcconfig; name = "Pods-N3RVETests.debug.xcconfig"; path = "Target Support Files/Pods-N3RVETests/Pods-N3RVETests.debug.xcconfig"; sourceTree = "<group>"; };
		7FD839AB01500A5D58A7FB8C /* Pods-N3RVE-N3RVEUITests.release.xcconfig */ = {isa = PBXFileReference; includeInIndex = 1; lastKnownFileType = text.xcconfig; name = "Pods-N3RVE-N3RVEUITests.release.xcconfig"; path = "Target Support Files/Pods-N3RVE-N3RVEUITests/Pods-N3RVE-N3RVEUITests.release.xcconfig"; sourceTree = "<group>"; };
		8FDF3CCED1577B55CC89959A /* Pods_N3RVE_N3RVEUITests.framework */ = {isa = PBXFileReference; explicitFileType = wrapper.framework; includeInIndex = 0; path = Pods_N3RVE_N3RVEUITests.framework; sourceTree = BUILT_PRODUCTS_DIR; };
		C1147EF211D7752ED9B69F81 /* Pods_N3RVETests.framework */ = {isa = PBXFileReference; explicitFileType = wrapper.framework; includeInIndex = 0; path = Pods_N3RVETests.framework; sourceTree = BUILT_PRODUCTS_DIR; };
		C1CA17CD4D1535D2D3FAFE3C /* Pods-N3RVE.release.xcconfig */ = {isa = PBXFileReference; includeInIndex = 1; lastKnownFileType = text.xcconfig; name = "Pods-N3RVE.release.xcconfig"; path = "Target Support Files/Pods-N3RVE/Pods-N3RVE.release.xcconfig"; sourceTree = "<group>"; };
		DE27F750217BD1910040A300 /* SplashScreen.swift */ = {isa = PBXFileReference; lastKnownFileType = sourcecode.swift; path = SplashScreen.swift; sourceTree = "<group>"; };
		DE29471D21727D6C00C7D64A /* N3RVE.app */ = {isa = PBXFileReference; explicitFileType = wrapper.application; includeInIndex = 0; path = N3RVE.app; sourceTree = BUILT_PRODUCTS_DIR; };
		DE29472021727D6C00C7D64A /* AppDelegate.swift */ = {isa = PBXFileReference; lastKnownFileType = sourcecode.swift; path = AppDelegate.swift; sourceTree = "<group>"; };
		DE29472221727D6C00C7D64A /* Home.swift */ = {isa = PBXFileReference; lastKnownFileType = sourcecode.swift; path = Home.swift; sourceTree = "<group>"; };
		DE29472521727D6C00C7D64A /* Base */ = {isa = PBXFileReference; lastKnownFileType = file.storyboard; name = Base; path = Base.lproj/Main.storyboard; sourceTree = "<group>"; };
		DE29472721727D6F00C7D64A /* Assets.xcassets */ = {isa = PBXFileReference; lastKnownFileType = folder.assetcatalog; path = Assets.xcassets; sourceTree = "<group>"; };
		DE29472A21727D6F00C7D64A /* Base */ = {isa = PBXFileReference; lastKnownFileType = file.storyboard; name = Base; path = Base.lproj/LaunchScreen.storyboard; sourceTree = "<group>"; };
		DE29472C21727D6F00C7D64A /* Info.plist */ = {isa = PBXFileReference; lastKnownFileType = text.plist.xml; path = Info.plist; sourceTree = "<group>"; };
		DE29473121727D6F00C7D64A /* N3RVETests.xctest */ = {isa = PBXFileReference; explicitFileType = wrapper.cfbundle; includeInIndex = 0; path = N3RVETests.xctest; sourceTree = BUILT_PRODUCTS_DIR; };
		DE29473521727D6F00C7D64A /* AerisTests.swift */ = {isa = PBXFileReference; lastKnownFileType = sourcecode.swift; path = AerisTests.swift; sourceTree = "<group>"; };
		DE29473721727D6F00C7D64A /* Info.plist */ = {isa = PBXFileReference; lastKnownFileType = text.plist.xml; path = Info.plist; sourceTree = "<group>"; };
		DE29473C21727D7000C7D64A /* N3RVEUITests.xctest */ = {isa = PBXFileReference; explicitFileType = wrapper.cfbundle; includeInIndex = 0; path = N3RVEUITests.xctest; sourceTree = BUILT_PRODUCTS_DIR; };
		DE29474021727D7000C7D64A /* AerisUITests.swift */ = {isa = PBXFileReference; lastKnownFileType = sourcecode.swift; path = AerisUITests.swift; sourceTree = "<group>"; };
		DE29474221727D7000C7D64A /* Info.plist */ = {isa = PBXFileReference; lastKnownFileType = text.plist.xml; path = Info.plist; sourceTree = "<group>"; };
		DE4826EC21740AC500E2CDF2 /* Settings.swift */ = {isa = PBXFileReference; lastKnownFileType = sourcecode.swift; path = Settings.swift; sourceTree = "<group>"; };
		DEF2C887217283F2008F75A4 /* PlayerViewController.swift */ = {isa = PBXFileReference; lastKnownFileType = sourcecode.swift; path = PlayerViewController.swift; sourceTree = "<group>"; };
		DEF2C88921728EF0008F75A4 /* UserProfile.swift */ = {isa = PBXFileReference; lastKnownFileType = sourcecode.swift; path = UserProfile.swift; sourceTree = "<group>"; };
		DEF2C88B21728F3B008F75A4 /* LoginScreen.swift */ = {isa = PBXFileReference; lastKnownFileType = sourcecode.swift; path = LoginScreen.swift; sourceTree = "<group>"; };
		DEF2C88D21728F52008F75A4 /* SingUpScreen.swift */ = {isa = PBXFileReference; lastKnownFileType = sourcecode.swift; path = SingUpScreen.swift; sourceTree = "<group>"; };
		DEF2C88F21728F72008F75A4 /* HomePage.swift */ = {isa = PBXFileReference; lastKnownFileType = sourcecode.swift; path = HomePage.swift; sourceTree = "<group>"; };
		DEF2C89321729062008F75A4 /* Category5.swift */ = {isa = PBXFileReference; lastKnownFileType = sourcecode.swift; path = Category5.swift; sourceTree = "<group>"; };
		DEF2C8972172995B008F75A4 /* Results.swift */ = {isa = PBXFileReference; lastKnownFileType = sourcecode.swift; path = Results.swift; sourceTree = "<group>"; };
		DEF2C8992172A9D6008F75A4 /* SignUpNextScreen.swift */ = {isa = PBXFileReference; lastKnownFileType = sourcecode.swift; path = SignUpNextScreen.swift; sourceTree = "<group>"; };
/* End PBXFileReference section */

/* Begin PBXFrameworksBuildPhase section */
		DE29471A21727D6C00C7D64A /* Frameworks */ = {
			isa = PBXFrameworksBuildPhase;
			buildActionMask = 2147483647;
			files = (
				041DE6EA2414515E00CA4E21 /* libiconv.tbd in Frameworks */,
				041DE6E72414508600CA4E21 /* Microblink.framework in Frameworks */,
				041DE6DE24144F4300CA4E21 /* Accelerate.framework in Frameworks */,
				04F085482410587300FC054F /* MediaPlayer.framework in Frameworks */,
				04F0853A24104C6500FC054F /* VideoToolbox.framework in Frameworks */,
				04F0854624104C8800FC054F /* libbambuser.a in Frameworks */,
				04F0853824104C6000FC054F /* UIKit.framework in Frameworks */,
				04F0853624104C4A00FC054F /* SystemConfiguration.framework in Frameworks */,
				04F0853424104C4100FC054F /* libc++.tbd in Frameworks */,
				04F0853224104C3900FC054F /* libz.tbd in Frameworks */,
				04F0853024104C2A00FC054F /* QuartzCore.framework in Frameworks */,
				04F0852E24104C2200FC054F /* Foundation.framework in Frameworks */,
				04F0854524104C8800FC054F /* libbambuserplayer.a in Frameworks */,
				04F0852C24104C1500FC054F /* CoreVideo.framework in Frameworks */,
				04F0852A24104C0D00FC054F /* CoreTelephony.framework in Frameworks */,
				04F0852824104C0400FC054F /* CoreMedia.framework in Frameworks */,
				04F0852624104BFA00FC054F /* CoreLocation.framework in Frameworks */,
				04F0852424104BCE00FC054F /* CoreGraphics.framework in Frameworks */,
				04F0852224104BC600FC054F /* AVFoundation.framework in Frameworks */,
				04F0852024104BB800FC054F /* AudioToolbox.framework in Frameworks */,
				4346663F68CA80B017AEB3DB /* Pods_N3RVE.framework in Frameworks */,
			);
			runOnlyForDeploymentPostprocessing = 0;
		};
		DE29472E21727D6F00C7D64A /* Frameworks */ = {
			isa = PBXFrameworksBuildPhase;
			buildActionMask = 2147483647;
			files = (
				7EA3386C8F41FA3F7C4676F1 /* Pods_N3RVETests.framework in Frameworks */,
			);
			runOnlyForDeploymentPostprocessing = 0;
		};
		DE29473921727D7000C7D64A /* Frameworks */ = {
			isa = PBXFrameworksBuildPhase;
			buildActionMask = 2147483647;
			files = (
				227883E838DF63C897374843 /* Pods_N3RVE_N3RVEUITests.framework in Frameworks */,
			);
			runOnlyForDeploymentPostprocessing = 0;
		};
/* End PBXFrameworksBuildPhase section */

/* Begin PBXGroup section */
		0447F6A4240AF2890056244E /* Fonts */ = {
			isa = PBXGroup;
			children = (
				0447F6AC240AF2B60056244E /* TitilliumWeb-Black.ttf */,
				0447F6A9240AF2B60056244E /* TitilliumWeb-Bold.ttf */,
				0447F6A8240AF2B50056244E /* TitilliumWeb-BoldItalic.ttf */,
				0447F6A6240AF2B50056244E /* TitilliumWeb-ExtraLight.ttf */,
				0447F6AE240AF2B60056244E /* TitilliumWeb-ExtraLightItalic.ttf */,
				0447F6A5240AF2B50056244E /* TitilliumWeb-Italic.ttf */,
				0447F6A7240AF2B50056244E /* TitilliumWeb-Light.ttf */,
				0447F6AF240AF2B60056244E /* TitilliumWeb-LightItalic.ttf */,
				0447F6AA240AF2B60056244E /* TitilliumWeb-Regular.ttf */,
				0447F6AB240AF2B60056244E /* TitilliumWeb-SemiBold.ttf */,
				0447F6AD240AF2B60056244E /* TitilliumWeb-SemiBoldItalic.ttf */,
			);
			path = Fonts;
			sourceTree = "<group>";
		};
		04F0853B24104C8800FC054F /* prebuilt */ = {
			isa = PBXGroup;
			children = (
				04F0853C24104C8800FC054F /* include */,
				04F0854224104C8800FC054F /* lib */,
			);
			name = prebuilt;
			path = "../../../../Downloads/libbambuser-ios-0.9.24-191008/prebuilt";
			sourceTree = "<group>";
		};
		04F0853C24104C8800FC054F /* include */ = {
			isa = PBXGroup;
			children = (
				04F0853D24104C8800FC054F /* libbambuserplayer-constants.h */,
				04F0853E24104C8800FC054F /* BambuserViewDelegate.h */,
				04F0853F24104C8800FC054F /* BambuserConstants.h */,
				04F0854024104C8800FC054F /* libbambuserplayer.h */,
				04F0854124104C8800FC054F /* libbambuser.h */,
			);
			path = include;
			sourceTree = "<group>";
		};
		04F0854224104C8800FC054F /* lib */ = {
			isa = PBXGroup;
			children = (
				04F0854324104C8800FC054F /* libbambuserplayer.a */,
				04F0854424104C8800FC054F /* libbambuser.a */,
			);
			path = lib;
			sourceTree = "<group>";
		};
		11AE4445202EE6CFBBC09A14 /* Frameworks */ = {
			isa = PBXGroup;
			children = (
				041DE6E92414515E00CA4E21 /* libiconv.tbd */,
				041DE6E62414508500CA4E21 /* Microblink.bundle */,
				041DE6E52414508500CA4E21 /* Microblink.framework */,
				041DE6DD24144F4300CA4E21 /* Accelerate.framework */,
				04F085472410587300FC054F /* MediaPlayer.framework */,
				04F0853B24104C8800FC054F /* prebuilt */,
				04F0853924104C6500FC054F /* VideoToolbox.framework */,
				04F0853724104C6000FC054F /* UIKit.framework */,
				04F0853524104C4A00FC054F /* SystemConfiguration.framework */,
				04F0853324104C4100FC054F /* libc++.tbd */,
				04F0853124104C3900FC054F /* libz.tbd */,
				04F0852F24104C2A00FC054F /* QuartzCore.framework */,
				04F0852D24104C2200FC054F /* Foundation.framework */,
				04F0852B24104C1500FC054F /* CoreVideo.framework */,
				04F0852924104C0D00FC054F /* CoreTelephony.framework */,
				04F0852724104C0400FC054F /* CoreMedia.framework */,
				04F0852524104BFA00FC054F /* CoreLocation.framework */,
				04F0852324104BCE00FC054F /* CoreGraphics.framework */,
				04F0852124104BC600FC054F /* AVFoundation.framework */,
				04F0851F24104BB800FC054F /* AudioToolbox.framework */,
				12DA4904A35791F37AE6614B /* Pods_N3RVE.framework */,
				8FDF3CCED1577B55CC89959A /* Pods_N3RVE_N3RVEUITests.framework */,
				C1147EF211D7752ED9B69F81 /* Pods_N3RVETests.framework */,
			);
			name = Frameworks;
			sourceTree = "<group>";
		};
		6CD9B176F14FA3D1ADFD2613 /* Pods */ = {
			isa = PBXGroup;
			children = (
				47A680E530A1C9D716ADBDC7 /* Pods-N3RVE.debug.xcconfig */,
				C1CA17CD4D1535D2D3FAFE3C /* Pods-N3RVE.release.xcconfig */,
				2BEF3E1F60D9B4175B66FA0C /* Pods-N3RVE-N3RVEUITests.debug.xcconfig */,
				7FD839AB01500A5D58A7FB8C /* Pods-N3RVE-N3RVEUITests.release.xcconfig */,
				641CA221E579ADCD868A9AB6 /* Pods-N3RVETests.debug.xcconfig */,
				2649F0E79A940347E7DF8AD0 /* Pods-N3RVETests.release.xcconfig */,
			);
			path = Pods;
			sourceTree = "<group>";
		};
		DE29471421727D6B00C7D64A = {
			isa = PBXGroup;
			children = (
				DE29471F21727D6C00C7D64A /* N3RVE */,
				DE29473421727D6F00C7D64A /* N3RVETests */,
				DE29473F21727D7000C7D64A /* N3RVEUITests */,
				6CD9B176F14FA3D1ADFD2613 /* Pods */,
				DE29471E21727D6C00C7D64A /* Products */,
				11AE4445202EE6CFBBC09A14 /* Frameworks */,
			);
			sourceTree = "<group>";
		};
		DE29471E21727D6C00C7D64A /* Products */ = {
			isa = PBXGroup;
			children = (
				DE29471D21727D6C00C7D64A /* N3RVE.app */,
				DE29473121727D6F00C7D64A /* N3RVETests.xctest */,
				DE29473C21727D7000C7D64A /* N3RVEUITests.xctest */,
			);
			name = Products;
			sourceTree = "<group>";
		};
		DE29471F21727D6C00C7D64A /* N3RVE */ = {
			isa = PBXGroup;
			children = (
				04F08549241059D300FC054F /* libbambuserplayer-bridge.h */,
				041DE6DB24144BB300CA4E21 /* CustomOverlay.swift */,
				04F0854A2410C05800FC054F /* AlertController.swift */,
				DE29472021727D6C00C7D64A /* AppDelegate.swift */,
				0447F6C4240B025F0056244E /* SceneDelegate.swift */,
				DE27F750217BD1910040A300 /* SplashScreen.swift */,
				DE29472221727D6C00C7D64A /* Home.swift */,
				DE4826EC21740AC500E2CDF2 /* Settings.swift */,
				DEF2C887217283F2008F75A4 /* PlayerViewController.swift */,
				DEF2C88921728EF0008F75A4 /* UserProfile.swift */,
				044BB18D240F7797007E3694 /* OtherUserProfile.swift */,
				04F084B9241043B600FC054F /* LiveViewController.swift */,
				DEF2C88B21728F3B008F75A4 /* LoginScreen.swift */,
				DEF2C88D21728F52008F75A4 /* SingUpScreen.swift */,
				DEF2C88F21728F72008F75A4 /* HomePage.swift */,
				DEF2C89321729062008F75A4 /* Category5.swift */,
				DEF2C8972172995B008F75A4 /* Results.swift */,
				DEF2C8992172A9D6008F75A4 /* SignUpNextScreen.swift */,
				041DE6D82414489800CA4E21 /* MB_com.justynramirez.N3RVE_BlinkID_iOS_2020-04-06.mblic */,
				DE29472421727D6C00C7D64A /* Main.storyboard */,
				DE29472721727D6F00C7D64A /* Assets.xcassets */,
				DE29472921727D6F00C7D64A /* LaunchScreen.storyboard */,
				DE29472C21727D6F00C7D64A /* Info.plist */,
				0447F6CE240B71BD0056244E /* GoogleService-Info.plist */,
				0467266F2409D053009720FE /* SplashScreenAndSound.mp4 */,
				0447F6CC240B2BAF0056244E /* GlitchBackground.mp4 */,
				041CD8C3240DB0A300F47651 /* NerveLogoBackground.mp4 */,
				044BB18B240F6D2B007E3694 /* BackgroundVid.mp4 */,
				0447F6A4240AF2890056244E /* Fonts */,
				DE41C4B821783772004077FB /* Sounds */,
			);
			path = N3RVE;
			sourceTree = "<group>";
		};
		DE29473421727D6F00C7D64A /* N3RVETests */ = {
			isa = PBXGroup;
			children = (
				DE29473521727D6F00C7D64A /* AerisTests.swift */,
				DE29473721727D6F00C7D64A /* Info.plist */,
			);
			path = N3RVETests;
			sourceTree = "<group>";
		};
		DE29473F21727D7000C7D64A /* N3RVEUITests */ = {
			isa = PBXGroup;
			children = (
				DE29474021727D7000C7D64A /* AerisUITests.swift */,
				DE29474221727D7000C7D64A /* Info.plist */,
			);
			path = N3RVEUITests;
			sourceTree = "<group>";
		};
		DE41C4B821783772004077FB /* Sounds */ = {
			isa = PBXGroup;
			children = (
				04672677240A1000009720FE /* ButtonClick.wav */,
				0476E09C240EB5B500E2C2DB /* BackgroundMusic.wav */,
			);
			path = Sounds;
			sourceTree = "<group>";
		};
/* End PBXGroup section */

/* Begin PBXNativeTarget section */
		DE29471C21727D6C00C7D64A /* N3RVE */ = {
			isa = PBXNativeTarget;
			buildConfigurationList = DE29474521727D7000C7D64A /* Build configuration list for PBXNativeTarget "N3RVE" */;
			buildPhases = (
				5D7035175B48CD7C24E1EC2E /* [CP] Check Pods Manifest.lock */,
				DE29471921727D6C00C7D64A /* Sources */,
				DE29471A21727D6C00C7D64A /* Frameworks */,
				DE29471B21727D6C00C7D64A /* Resources */,
				04FB8EE5240A361000C118B2 /* Embed Frameworks */,
				245CFC8DA375D7620F837AFB /* [CP] Embed Pods Frameworks */,
				ABE123CB59AA317A725640D8 /* [CP] Copy Pods Resources */,
			);
			buildRules = (
			);
			dependencies = (
			);
			name = N3RVE;
			productName = Aeris;
			productReference = DE29471D21727D6C00C7D64A /* N3RVE.app */;
			productType = "com.apple.product-type.application";
		};
		DE29473021727D6F00C7D64A /* N3RVETests */ = {
			isa = PBXNativeTarget;
			buildConfigurationList = DE29474821727D7000C7D64A /* Build configuration list for PBXNativeTarget "N3RVETests" */;
			buildPhases = (
				40DD0CEBEC1C5E8BEA2117DD /* [CP] Check Pods Manifest.lock */,
				DE29472D21727D6F00C7D64A /* Sources */,
				DE29472E21727D6F00C7D64A /* Frameworks */,
				DE29472F21727D6F00C7D64A /* Resources */,
			);
			buildRules = (
			);
			dependencies = (
				DE29473321727D6F00C7D64A /* PBXTargetDependency */,
			);
			name = N3RVETests;
			productName = AerisTests;
			productReference = DE29473121727D6F00C7D64A /* N3RVETests.xctest */;
			productType = "com.apple.product-type.bundle.unit-test";
		};
		DE29473B21727D7000C7D64A /* N3RVEUITests */ = {
			isa = PBXNativeTarget;
			buildConfigurationList = DE29474B21727D7000C7D64A /* Build configuration list for PBXNativeTarget "N3RVEUITests" */;
			buildPhases = (
				694F395B6A319924D2A2FE26 /* [CP] Check Pods Manifest.lock */,
				DE29473821727D7000C7D64A /* Sources */,
				DE29473921727D7000C7D64A /* Frameworks */,
				DE29473A21727D7000C7D64A /* Resources */,
				7FEDD2121EB8D4CA55F726A7 /* [CP] Embed Pods Frameworks */,
				0035C715347529DE8ADEB4C9 /* [CP] Copy Pods Resources */,
			);
			buildRules = (
			);
			dependencies = (
				DE29473E21727D7000C7D64A /* PBXTargetDependency */,
			);
			name = N3RVEUITests;
			productName = AerisUITests;
			productReference = DE29473C21727D7000C7D64A /* N3RVEUITests.xctest */;
			productType = "com.apple.product-type.bundle.ui-testing";
		};
/* End PBXNativeTarget section */

/* Begin PBXProject section */
		DE29471521727D6B00C7D64A /* Project object */ = {
			isa = PBXProject;
			attributes = {
				LastSwiftUpdateCheck = 1000;
				LastUpgradeCheck = 1000;
				ORGANIZATIONNAME = "Camilo Rossi";
				TargetAttributes = {
					DE29471C21727D6C00C7D64A = {
						CreatedOnToolsVersion = 10.0;
						LastSwiftMigration = 1130;
					};
					DE29473021727D6F00C7D64A = {
						CreatedOnToolsVersion = 10.0;
						LastSwiftMigration = 1130;
						TestTargetID = DE29471C21727D6C00C7D64A;
					};
					DE29473B21727D7000C7D64A = {
						CreatedOnToolsVersion = 10.0;
						LastSwiftMigration = 1130;
						TestTargetID = DE29471C21727D6C00C7D64A;
					};
				};
			};
			buildConfigurationList = DE29471821727D6B00C7D64A /* Build configuration list for PBXProject "N3RVE" */;
			compatibilityVersion = "Xcode 9.3";
			developmentRegion = en;
			hasScannedForEncodings = 0;
			knownRegions = (
				en,
				Base,
			);
			mainGroup = DE29471421727D6B00C7D64A;
			productRefGroup = DE29471E21727D6C00C7D64A /* Products */;
			projectDirPath = "";
			projectRoot = "";
			targets = (
				DE29471C21727D6C00C7D64A /* N3RVE */,
				DE29473021727D6F00C7D64A /* N3RVETests */,
				DE29473B21727D7000C7D64A /* N3RVEUITests */,
			);
		};
/* End PBXProject section */

/* Begin PBXResourcesBuildPhase section */
		DE29471B21727D6C00C7D64A /* Resources */ = {
			isa = PBXResourcesBuildPhase;
			buildActionMask = 2147483647;
			files = (
				0447F6B8240AF2B60056244E /* TitilliumWeb-SemiBoldItalic.ttf in Resources */,
				0447F6CD240B2BAF0056244E /* GlitchBackground.mp4 in Resources */,
				0447F6B1240AF2B60056244E /* TitilliumWeb-ExtraLight.ttf in Resources */,
				0476E09D240EB5B500E2C2DB /* BackgroundMusic.wav in Resources */,
				046726702409D071009720FE /* SplashScreenAndSound.mp4 in Resources */,
				0447F6B7240AF2B60056244E /* TitilliumWeb-Black.ttf in Resources */,
				0447F6B4240AF2B60056244E /* TitilliumWeb-Bold.ttf in Resources */,
				041CD8C4240DB0A300F47651 /* NerveLogoBackground.mp4 in Resources */,
				04672678240A1000009720FE /* ButtonClick.wav in Resources */,
				041DE6D92414489900CA4E21 /* MB_com.justynramirez.N3RVE_BlinkID_iOS_2020-04-06.mblic in Resources */,
				DE29472B21727D6F00C7D64A /* LaunchScreen.storyboard in Resources */,
				0447F6B0240AF2B60056244E /* TitilliumWeb-Italic.ttf in Resources */,
				DE29472821727D6F00C7D64A /* Assets.xcassets in Resources */,
				0447F6B5240AF2B60056244E /* TitilliumWeb-Regular.ttf in Resources */,
				0447F6B2240AF2B60056244E /* TitilliumWeb-Light.ttf in Resources */,
				0447F6BA240AF2B60056244E /* TitilliumWeb-LightItalic.ttf in Resources */,
				0447F6B6240AF2B60056244E /* TitilliumWeb-SemiBold.ttf in Resources */,
				0447F6CF240B71BD0056244E /* GoogleService-Info.plist in Resources */,
				0447F6B9240AF2B60056244E /* TitilliumWeb-ExtraLightItalic.ttf in Resources */,
				DE29472621727D6C00C7D64A /* Main.storyboard in Resources */,
				0447F6B3240AF2B60056244E /* TitilliumWeb-BoldItalic.ttf in Resources */,
				044BB18C240F6D2B007E3694 /* BackgroundVid.mp4 in Resources */,
			);
			runOnlyForDeploymentPostprocessing = 0;
		};
		DE29472F21727D6F00C7D64A /* Resources */ = {
			isa = PBXResourcesBuildPhase;
			buildActionMask = 2147483647;
			files = (
			);
			runOnlyForDeploymentPostprocessing = 0;
		};
		DE29473A21727D7000C7D64A /* Resources */ = {
			isa = PBXResourcesBuildPhase;
			buildActionMask = 2147483647;
			files = (
			);
			runOnlyForDeploymentPostprocessing = 0;
		};
/* End PBXResourcesBuildPhase section */

/* Begin PBXShellScriptBuildPhase section */
		0035C715347529DE8ADEB4C9 /* [CP] Copy Pods Resources */ = {
			isa = PBXShellScriptBuildPhase;
			buildActionMask = 2147483647;
			files = (
			);
			inputFileListPaths = (
				"${PODS_ROOT}/Target Support Files/Pods-N3RVE-N3RVEUITests/Pods-N3RVE-N3RVEUITests-resources-${CONFIGURATION}-input-files.xcfilelist",
			);
			name = "[CP] Copy Pods Resources";
			outputFileListPaths = (
				"${PODS_ROOT}/Target Support Files/Pods-N3RVE-N3RVEUITests/Pods-N3RVE-N3RVEUITests-resources-${CONFIGURATION}-output-files.xcfilelist",
			);
			runOnlyForDeploymentPostprocessing = 0;
			shellPath = /bin/sh;
			shellScript = "\"${PODS_ROOT}/Target Support Files/Pods-N3RVE-N3RVEUITests/Pods-N3RVE-N3RVEUITests-resources.sh\"\n";
			showEnvVarsInLog = 0;
		};
		245CFC8DA375D7620F837AFB /* [CP] Embed Pods Frameworks */ = {
			isa = PBXShellScriptBuildPhase;
			buildActionMask = 2147483647;
			files = (
			);
			inputFileListPaths = (
				"${PODS_ROOT}/Target Support Files/Pods-N3RVE/Pods-N3RVE-frameworks-${CONFIGURATION}-input-files.xcfilelist",
			);
			name = "[CP] Embed Pods Frameworks";
			outputFileListPaths = (
				"${PODS_ROOT}/Target Support Files/Pods-N3RVE/Pods-N3RVE-frameworks-${CONFIGURATION}-output-files.xcfilelist",
			);
			runOnlyForDeploymentPostprocessing = 0;
			shellPath = /bin/sh;
			shellScript = "\"${PODS_ROOT}/Target Support Files/Pods-N3RVE/Pods-N3RVE-frameworks.sh\"\n";
			showEnvVarsInLog = 0;
		};
		40DD0CEBEC1C5E8BEA2117DD /* [CP] Check Pods Manifest.lock */ = {
			isa = PBXShellScriptBuildPhase;
			buildActionMask = 2147483647;
			files = (
			);
			inputFileListPaths = (
			);
			inputPaths = (
				"${PODS_PODFILE_DIR_PATH}/Podfile.lock",
				"${PODS_ROOT}/Manifest.lock",
			);
			name = "[CP] Check Pods Manifest.lock";
			outputFileListPaths = (
			);
			outputPaths = (
				"$(DERIVED_FILE_DIR)/Pods-N3RVETests-checkManifestLockResult.txt",
			);
			runOnlyForDeploymentPostprocessing = 0;
			shellPath = /bin/sh;
			shellScript = "diff \"${PODS_PODFILE_DIR_PATH}/Podfile.lock\" \"${PODS_ROOT}/Manifest.lock\" > /dev/null\nif [ $? != 0 ] ; then\n    # print error to STDERR\n    echo \"error: The sandbox is not in sync with the Podfile.lock. Run 'pod install' or update your CocoaPods installation.\" >&2\n    exit 1\nfi\n# This output is used by Xcode 'outputs' to avoid re-running this script phase.\necho \"SUCCESS\" > \"${SCRIPT_OUTPUT_FILE_0}\"\n";
			showEnvVarsInLog = 0;
		};
		5D7035175B48CD7C24E1EC2E /* [CP] Check Pods Manifest.lock */ = {
			isa = PBXShellScriptBuildPhase;
			buildActionMask = 2147483647;
			files = (
			);
			inputFileListPaths = (
			);
			inputPaths = (
				"${PODS_PODFILE_DIR_PATH}/Podfile.lock",
				"${PODS_ROOT}/Manifest.lock",
			);
			name = "[CP] Check Pods Manifest.lock";
			outputFileListPaths = (
			);
			outputPaths = (
				"$(DERIVED_FILE_DIR)/Pods-N3RVE-checkManifestLockResult.txt",
			);
			runOnlyForDeploymentPostprocessing = 0;
			shellPath = /bin/sh;
			shellScript = "diff \"${PODS_PODFILE_DIR_PATH}/Podfile.lock\" \"${PODS_ROOT}/Manifest.lock\" > /dev/null\nif [ $? != 0 ] ; then\n    # print error to STDERR\n    echo \"error: The sandbox is not in sync with the Podfile.lock. Run 'pod install' or update your CocoaPods installation.\" >&2\n    exit 1\nfi\n# This output is used by Xcode 'outputs' to avoid re-running this script phase.\necho \"SUCCESS\" > \"${SCRIPT_OUTPUT_FILE_0}\"\n";
			showEnvVarsInLog = 0;
		};
		694F395B6A319924D2A2FE26 /* [CP] Check Pods Manifest.lock */ = {
			isa = PBXShellScriptBuildPhase;
			buildActionMask = 2147483647;
			files = (
			);
			inputFileListPaths = (
			);
			inputPaths = (
				"${PODS_PODFILE_DIR_PATH}/Podfile.lock",
				"${PODS_ROOT}/Manifest.lock",
			);
			name = "[CP] Check Pods Manifest.lock";
			outputFileListPaths = (
			);
			outputPaths = (
				"$(DERIVED_FILE_DIR)/Pods-N3RVE-N3RVEUITests-checkManifestLockResult.txt",
			);
			runOnlyForDeploymentPostprocessing = 0;
			shellPath = /bin/sh;
			shellScript = "diff \"${PODS_PODFILE_DIR_PATH}/Podfile.lock\" \"${PODS_ROOT}/Manifest.lock\" > /dev/null\nif [ $? != 0 ] ; then\n    # print error to STDERR\n    echo \"error: The sandbox is not in sync with the Podfile.lock. Run 'pod install' or update your CocoaPods installation.\" >&2\n    exit 1\nfi\n# This output is used by Xcode 'outputs' to avoid re-running this script phase.\necho \"SUCCESS\" > \"${SCRIPT_OUTPUT_FILE_0}\"\n";
			showEnvVarsInLog = 0;
		};
		7FEDD2121EB8D4CA55F726A7 /* [CP] Embed Pods Frameworks */ = {
			isa = PBXShellScriptBuildPhase;
			buildActionMask = 2147483647;
			files = (
			);
			inputFileListPaths = (
				"${PODS_ROOT}/Target Support Files/Pods-N3RVE-N3RVEUITests/Pods-N3RVE-N3RVEUITests-frameworks-${CONFIGURATION}-input-files.xcfilelist",
			);
			name = "[CP] Embed Pods Frameworks";
			outputFileListPaths = (
				"${PODS_ROOT}/Target Support Files/Pods-N3RVE-N3RVEUITests/Pods-N3RVE-N3RVEUITests-frameworks-${CONFIGURATION}-output-files.xcfilelist",
			);
			runOnlyForDeploymentPostprocessing = 0;
			shellPath = /bin/sh;
			shellScript = "\"${PODS_ROOT}/Target Support Files/Pods-N3RVE-N3RVEUITests/Pods-N3RVE-N3RVEUITests-frameworks.sh\"\n";
			showEnvVarsInLog = 0;
		};
		ABE123CB59AA317A725640D8 /* [CP] Copy Pods Resources */ = {
			isa = PBXShellScriptBuildPhase;
			buildActionMask = 2147483647;
			files = (
			);
			inputFileListPaths = (
				"${PODS_ROOT}/Target Support Files/Pods-N3RVE/Pods-N3RVE-resources-${CONFIGURATION}-input-files.xcfilelist",
			);
			name = "[CP] Copy Pods Resources";
			outputFileListPaths = (
				"${PODS_ROOT}/Target Support Files/Pods-N3RVE/Pods-N3RVE-resources-${CONFIGURATION}-output-files.xcfilelist",
			);
			runOnlyForDeploymentPostprocessing = 0;
			shellPath = /bin/sh;
			shellScript = "\"${PODS_ROOT}/Target Support Files/Pods-N3RVE/Pods-N3RVE-resources.sh\"\n";
			showEnvVarsInLog = 0;
		};
/* End PBXShellScriptBuildPhase section */

/* Begin PBXSourcesBuildPhase section */
		DE29471921727D6C00C7D64A /* Sources */ = {
			isa = PBXSourcesBuildPhase;
			buildActionMask = 2147483647;
			files = (
				DE27F751217BD1920040A300 /* SplashScreen.swift in Sources */,
				DEF2C89021728F72008F75A4 /* HomePage.swift in Sources */,
				DE29472321727D6C00C7D64A /* Home.swift in Sources */,
				044BB18E240F7797007E3694 /* OtherUserProfile.swift in Sources */,
				04F084BA241043B600FC054F /* LiveViewController.swift in Sources */,
				DEF2C88A21728EF0008F75A4 /* UserProfile.swift in Sources */,
				0447F6C5240B025F0056244E /* SceneDelegate.swift in Sources */,
				DEF2C89A2172A9D6008F75A4 /* SignUpNextScreen.swift in Sources */,
				041DE6DC24144BB300CA4E21 /* CustomOverlay.swift in Sources */,
				DE29472121727D6C00C7D64A /* AppDelegate.swift in Sources */,
				DEF2C888217283F2008F75A4 /* PlayerViewController.swift in Sources */,
				DEF2C89421729062008F75A4 /* Category5.swift in Sources */,
				DEF2C8982172995B008F75A4 /* Results.swift in Sources */,
				04F0854B2410C05800FC054F /* AlertController.swift in Sources */,
				DEF2C88C21728F3B008F75A4 /* LoginScreen.swift in Sources */,
				DE4826ED21740AC500E2CDF2 /* Settings.swift in Sources */,
				DEF2C88E21728F52008F75A4 /* SingUpScreen.swift in Sources */,
			);
			runOnlyForDeploymentPostprocessing = 0;
		};
		DE29472D21727D6F00C7D64A /* Sources */ = {
			isa = PBXSourcesBuildPhase;
			buildActionMask = 2147483647;
			files = (
				DE29473621727D6F00C7D64A /* AerisTests.swift in Sources */,
			);
			runOnlyForDeploymentPostprocessing = 0;
		};
		DE29473821727D7000C7D64A /* Sources */ = {
			isa = PBXSourcesBuildPhase;
			buildActionMask = 2147483647;
			files = (
				DE29474121727D7000C7D64A /* AerisUITests.swift in Sources */,
			);
			runOnlyForDeploymentPostprocessing = 0;
		};
/* End PBXSourcesBuildPhase section */

/* Begin PBXTargetDependency section */
		DE29473321727D6F00C7D64A /* PBXTargetDependency */ = {
			isa = PBXTargetDependency;
			target = DE29471C21727D6C00C7D64A /* N3RVE */;
			targetProxy = DE29473221727D6F00C7D64A /* PBXContainerItemProxy */;
		};
		DE29473E21727D7000C7D64A /* PBXTargetDependency */ = {
			isa = PBXTargetDependency;
			target = DE29471C21727D6C00C7D64A /* N3RVE */;
			targetProxy = DE29473D21727D7000C7D64A /* PBXContainerItemProxy */;
		};
/* End PBXTargetDependency section */

/* Begin PBXVariantGroup section */
		DE29472421727D6C00C7D64A /* Main.storyboard */ = {
			isa = PBXVariantGroup;
			children = (
				DE29472521727D6C00C7D64A /* Base */,
			);
			name = Main.storyboard;
			sourceTree = "<group>";
		};
		DE29472921727D6F00C7D64A /* LaunchScreen.storyboard */ = {
			isa = PBXVariantGroup;
			children = (
				DE29472A21727D6F00C7D64A /* Base */,
			);
			name = LaunchScreen.storyboard;
			sourceTree = "<group>";
		};
/* End PBXVariantGroup section */

/* Begin XCBuildConfiguration section */
		DE29474321727D7000C7D64A /* Debug */ = {
			isa = XCBuildConfiguration;
			buildSettings = {
				ALWAYS_SEARCH_USER_PATHS = NO;
				CLANG_ANALYZER_NONNULL = YES;
				CLANG_ANALYZER_NUMBER_OBJECT_CONVERSION = YES_AGGRESSIVE;
				CLANG_CXX_LANGUAGE_STANDARD = "gnu++14";
				CLANG_CXX_LIBRARY = "libc++";
				CLANG_ENABLE_MODULES = YES;
				CLANG_ENABLE_OBJC_ARC = YES;
				CLANG_ENABLE_OBJC_WEAK = YES;
				CLANG_WARN_BLOCK_CAPTURE_AUTORELEASING = YES;
				CLANG_WARN_BOOL_CONVERSION = YES;
				CLANG_WARN_COMMA = YES;
				CLANG_WARN_CONSTANT_CONVERSION = YES;
				CLANG_WARN_DEPRECATED_OBJC_IMPLEMENTATIONS = YES;
				CLANG_WARN_DIRECT_OBJC_ISA_USAGE = YES_ERROR;
				CLANG_WARN_DOCUMENTATION_COMMENTS = YES;
				CLANG_WARN_EMPTY_BODY = YES;
				CLANG_WARN_ENUM_CONVERSION = YES;
				CLANG_WARN_INFINITE_RECURSION = YES;
				CLANG_WARN_INT_CONVERSION = YES;
				CLANG_WARN_NON_LITERAL_NULL_CONVERSION = YES;
				CLANG_WARN_OBJC_IMPLICIT_RETAIN_SELF = YES;
				CLANG_WARN_OBJC_LITERAL_CONVERSION = YES;
				CLANG_WARN_OBJC_ROOT_CLASS = YES_ERROR;
				CLANG_WARN_RANGE_LOOP_ANALYSIS = YES;
				CLANG_WARN_STRICT_PROTOTYPES = YES;
				CLANG_WARN_SUSPICIOUS_MOVE = YES;
				CLANG_WARN_UNGUARDED_AVAILABILITY = YES_AGGRESSIVE;
				CLANG_WARN_UNREACHABLE_CODE = YES;
				CLANG_WARN__DUPLICATE_METHOD_MATCH = YES;
				CODE_SIGN_IDENTITY = "iPhone Developer";
				COPY_PHASE_STRIP = NO;
				DEBUG_INFORMATION_FORMAT = dwarf;
				ENABLE_STRICT_OBJC_MSGSEND = YES;
				ENABLE_TESTABILITY = YES;
				GCC_C_LANGUAGE_STANDARD = gnu11;
				GCC_DYNAMIC_NO_PIC = NO;
				GCC_NO_COMMON_BLOCKS = YES;
				GCC_OPTIMIZATION_LEVEL = 0;
				GCC_PREPROCESSOR_DEFINITIONS = (
					"DEBUG=1",
					"$(inherited)",
				);
				GCC_WARN_64_TO_32_BIT_CONVERSION = YES;
				GCC_WARN_ABOUT_RETURN_TYPE = YES_ERROR;
				GCC_WARN_UNDECLARED_SELECTOR = YES;
				GCC_WARN_UNINITIALIZED_AUTOS = YES_AGGRESSIVE;
				GCC_WARN_UNUSED_FUNCTION = YES;
				GCC_WARN_UNUSED_VARIABLE = YES;
				IPHONEOS_DEPLOYMENT_TARGET = 12.0;
				MTL_ENABLE_DEBUG_INFO = INCLUDE_SOURCE;
				MTL_FAST_MATH = YES;
				ONLY_ACTIVE_ARCH = YES;
				SDKROOT = iphoneos;
				SWIFT_ACTIVE_COMPILATION_CONDITIONS = DEBUG;
				SWIFT_OPTIMIZATION_LEVEL = "-Onone";
			};
			name = Debug;
		};
		DE29474421727D7000C7D64A /* Release */ = {
			isa = XCBuildConfiguration;
			buildSettings = {
				ALWAYS_SEARCH_USER_PATHS = NO;
				CLANG_ANALYZER_NONNULL = YES;
				CLANG_ANALYZER_NUMBER_OBJECT_CONVERSION = YES_AGGRESSIVE;
				CLANG_CXX_LANGUAGE_STANDARD = "gnu++14";
				CLANG_CXX_LIBRARY = "libc++";
				CLANG_ENABLE_MODULES = YES;
				CLANG_ENABLE_OBJC_ARC = YES;
				CLANG_ENABLE_OBJC_WEAK = YES;
				CLANG_WARN_BLOCK_CAPTURE_AUTORELEASING = YES;
				CLANG_WARN_BOOL_CONVERSION = YES;
				CLANG_WARN_COMMA = YES;
				CLANG_WARN_CONSTANT_CONVERSION = YES;
				CLANG_WARN_DEPRECATED_OBJC_IMPLEMENTATIONS = YES;
				CLANG_WARN_DIRECT_OBJC_ISA_USAGE = YES_ERROR;
				CLANG_WARN_DOCUMENTATION_COMMENTS = YES;
				CLANG_WARN_EMPTY_BODY = YES;
				CLANG_WARN_ENUM_CONVERSION = YES;
				CLANG_WARN_INFINITE_RECURSION = YES;
				CLANG_WARN_INT_CONVERSION = YES;
				CLANG_WARN_NON_LITERAL_NULL_CONVERSION = YES;
				CLANG_WARN_OBJC_IMPLICIT_RETAIN_SELF = YES;
				CLANG_WARN_OBJC_LITERAL_CONVERSION = YES;
				CLANG_WARN_OBJC_ROOT_CLASS = YES_ERROR;
				CLANG_WARN_RANGE_LOOP_ANALYSIS = YES;
				CLANG_WARN_STRICT_PROTOTYPES = YES;
				CLANG_WARN_SUSPICIOUS_MOVE = YES;
				CLANG_WARN_UNGUARDED_AVAILABILITY = YES_AGGRESSIVE;
				CLANG_WARN_UNREACHABLE_CODE = YES;
				CLANG_WARN__DUPLICATE_METHOD_MATCH = YES;
				CODE_SIGN_IDENTITY = "iPhone Developer";
				COPY_PHASE_STRIP = NO;
				DEBUG_INFORMATION_FORMAT = "dwarf-with-dsym";
				ENABLE_NS_ASSERTIONS = NO;
				ENABLE_STRICT_OBJC_MSGSEND = YES;
				GCC_C_LANGUAGE_STANDARD = gnu11;
				GCC_NO_COMMON_BLOCKS = YES;
				GCC_WARN_64_TO_32_BIT_CONVERSION = YES;
				GCC_WARN_ABOUT_RETURN_TYPE = YES_ERROR;
				GCC_WARN_UNDECLARED_SELECTOR = YES;
				GCC_WARN_UNINITIALIZED_AUTOS = YES_AGGRESSIVE;
				GCC_WARN_UNUSED_FUNCTION = YES;
				GCC_WARN_UNUSED_VARIABLE = YES;
				IPHONEOS_DEPLOYMENT_TARGET = 12.0;
				MTL_ENABLE_DEBUG_INFO = NO;
				MTL_FAST_MATH = YES;
				SDKROOT = iphoneos;
				SWIFT_COMPILATION_MODE = wholemodule;
				SWIFT_OPTIMIZATION_LEVEL = "-O";
				VALIDATE_PRODUCT = YES;
			};
			name = Release;
		};
		DE29474621727D7000C7D64A /* Debug */ = {
			isa = XCBuildConfiguration;
			baseConfigurationReference = 47A680E530A1C9D716ADBDC7 /* Pods-N3RVE.debug.xcconfig */;
			buildSettings = {
				ASSETCATALOG_COMPILER_APPICON_NAME = AppIcon;
				CODE_SIGN_STYLE = Automatic;
				CURRENT_PROJECT_VERSION = 14;
				DEVELOPMENT_TEAM = 2K34Y7LDN6;
				FRAMEWORK_SEARCH_PATHS = (
					"$(inherited)",
					"$(PROJECT_DIR)",
				);
				INFOPLIST_FILE = N3RVE/Info.plist;
				IPHONEOS_DEPLOYMENT_TARGET = 13.0;
				LD_RUNPATH_SEARCH_PATHS = (
					"$(inherited)",
					"@executable_path/Frameworks",
				);
				LIBRARY_SEARCH_PATHS = (
					"$(inherited)",
					"$(PROJECT_DIR)",
					"$(PROJECT_DIR)/prebuilt/lib",
				);
				MARKETING_VERSION = 1.1.2;
				OTHER_LDFLAGS = "$(OTHER_LDFLAGS)";
				PRODUCT_BUNDLE_IDENTIFIER = com.justynramirez.N3RVE;
				PRODUCT_NAME = N3RVE;
				SWIFT_OBJC_BRIDGING_HEADER = "N3RVE/libbambuserplayer-bridge.h";
				SWIFT_VERSION = 5.0;
				TARGETED_DEVICE_FAMILY = 1;
			};
			name = Debug;
		};
		DE29474721727D7000C7D64A /* Release */ = {
			isa = XCBuildConfiguration;
			baseConfigurationReference = C1CA17CD4D1535D2D3FAFE3C /* Pods-N3RVE.release.xcconfig */;
			buildSettings = {
				ASSETCATALOG_COMPILER_APPICON_NAME = AppIcon;
				CODE_SIGN_STYLE = Automatic;
				CURRENT_PROJECT_VERSION = 14;
				DEVELOPMENT_TEAM = 2K34Y7LDN6;
				FRAMEWORK_SEARCH_PATHS = (
					"$(inherited)",
					"$(PROJECT_DIR)",
				);
				INFOPLIST_FILE = N3RVE/Info.plist;
				IPHONEOS_DEPLOYMENT_TARGET = 13.0;
				LD_RUNPATH_SEARCH_PATHS = (
					"$(inherited)",
					"@executable_path/Frameworks",
				);
				LIBRARY_SEARCH_PATHS = (
					"$(inherited)",
					"$(PROJECT_DIR)",
					"$(PROJECT_DIR)/prebuilt/lib",
				);
				MARKETING_VERSION = 1.1.2;
				OTHER_LDFLAGS = "$(OTHER_LDFLAGS)";
				PRODUCT_BUNDLE_IDENTIFIER = com.justynramirez.N3RVE;
				PRODUCT_NAME = N3RVE;
				SWIFT_OBJC_BRIDGING_HEADER = "N3RVE/libbambuserplayer-bridge.h";
				SWIFT_VERSION = 5.0;
				TARGETED_DEVICE_FAMILY = 1;
			};
			name = Release;
		};
		DE29474921727D7000C7D64A /* Debug */ = {
			isa = XCBuildConfiguration;
			baseConfigurationReference = 641CA221E579ADCD868A9AB6 /* Pods-N3RVETests.debug.xcconfig */;
			buildSettings = {
				ALWAYS_EMBED_SWIFT_STANDARD_LIBRARIES = YES;
				BUNDLE_LOADER = "$(TEST_HOST)";
				CODE_SIGN_STYLE = Automatic;
				DEVELOPMENT_TEAM = BBD42XY6P7;
				INFOPLIST_FILE = AerisTests/Info.plist;
				LD_RUNPATH_SEARCH_PATHS = (
					"$(inherited)",
					"@executable_path/Frameworks",
					"@loader_path/Frameworks",
				);
				PRODUCT_BUNDLE_IDENTIFIER = com.camilorossi.AerisTests;
				PRODUCT_NAME = "$(TARGET_NAME)";
				SWIFT_VERSION = 5.0;
				TARGETED_DEVICE_FAMILY = "1,2";
				TEST_HOST = "$(BUILT_PRODUCTS_DIR)/N3RVE.app/N3RVE";
			};
			name = Debug;
		};
		DE29474A21727D7000C7D64A /* Release */ = {
			isa = XCBuildConfiguration;
			baseConfigurationReference = 2649F0E79A940347E7DF8AD0 /* Pods-N3RVETests.release.xcconfig */;
			buildSettings = {
				ALWAYS_EMBED_SWIFT_STANDARD_LIBRARIES = YES;
				BUNDLE_LOADER = "$(TEST_HOST)";
				CODE_SIGN_STYLE = Automatic;
				DEVELOPMENT_TEAM = BBD42XY6P7;
				INFOPLIST_FILE = AerisTests/Info.plist;
				LD_RUNPATH_SEARCH_PATHS = (
					"$(inherited)",
					"@executable_path/Frameworks",
					"@loader_path/Frameworks",
				);
				PRODUCT_BUNDLE_IDENTIFIER = com.camilorossi.AerisTests;
				PRODUCT_NAME = "$(TARGET_NAME)";
				SWIFT_VERSION = 5.0;
				TARGETED_DEVICE_FAMILY = "1,2";
				TEST_HOST = "$(BUILT_PRODUCTS_DIR)/N3RVE.app/N3RVE";
			};
			name = Release;
		};
		DE29474C21727D7000C7D64A /* Debug */ = {
			isa = XCBuildConfiguration;
			baseConfigurationReference = 2BEF3E1F60D9B4175B66FA0C /* Pods-N3RVE-N3RVEUITests.debug.xcconfig */;
			buildSettings = {
				ALWAYS_EMBED_SWIFT_STANDARD_LIBRARIES = YES;
				CODE_SIGN_STYLE = Automatic;
				DEVELOPMENT_TEAM = BBD42XY6P7;
				INFOPLIST_FILE = AerisUITests/Info.plist;
				LD_RUNPATH_SEARCH_PATHS = (
					"$(inherited)",
					"@executable_path/Frameworks",
					"@loader_path/Frameworks",
				);
				PRODUCT_BUNDLE_IDENTIFIER = com.camilorossi.AerisUITests;
				PRODUCT_NAME = "$(TARGET_NAME)";
				SWIFT_VERSION = 5.0;
				TARGETED_DEVICE_FAMILY = "1,2";
				TEST_TARGET_NAME = Aeris;
			};
			name = Debug;
		};
		DE29474D21727D7000C7D64A /* Release */ = {
			isa = XCBuildConfiguration;
			baseConfigurationReference = 7FD839AB01500A5D58A7FB8C /* Pods-N3RVE-N3RVEUITests.release.xcconfig */;
			buildSettings = {
				ALWAYS_EMBED_SWIFT_STANDARD_LIBRARIES = YES;
				CODE_SIGN_STYLE = Automatic;
				DEVELOPMENT_TEAM = BBD42XY6P7;
				INFOPLIST_FILE = AerisUITests/Info.plist;
				LD_RUNPATH_SEARCH_PATHS = (
					"$(inherited)",
					"@executable_path/Frameworks",
					"@loader_path/Frameworks",
				);
				PRODUCT_BUNDLE_IDENTIFIER = com.camilorossi.AerisUITests;
				PRODUCT_NAME = "$(TARGET_NAME)";
				SWIFT_VERSION = 5.0;
				TARGETED_DEVICE_FAMILY = "1,2";
				TEST_TARGET_NAME = Aeris;
			};
			name = Release;
		};
/* End XCBuildConfiguration section */

/* Begin XCConfigurationList section */
		DE29471821727D6B00C7D64A /* Build configuration list for PBXProject "N3RVE" */ = {
			isa = XCConfigurationList;
			buildConfigurations = (
				DE29474321727D7000C7D64A /* Debug */,
				DE29474421727D7000C7D64A /* Release */,
			);
			defaultConfigurationIsVisible = 0;
			defaultConfigurationName = Release;
		};
		DE29474521727D7000C7D64A /* Build configuration list for PBXNativeTarget "N3RVE" */ = {
			isa = XCConfigurationList;
			buildConfigurations = (
				DE29474621727D7000C7D64A /* Debug */,
				DE29474721727D7000C7D64A /* Release */,
			);
			defaultConfigurationIsVisible = 0;
			defaultConfigurationName = Release;
		};
		DE29474821727D7000C7D64A /* Build configuration list for PBXNativeTarget "N3RVETests" */ = {
			isa = XCConfigurationList;
			buildConfigurations = (
				DE29474921727D7000C7D64A /* Debug */,
				DE29474A21727D7000C7D64A /* Release */,
			);
			defaultConfigurationIsVisible = 0;
			defaultConfigurationName = Release;
		};
		DE29474B21727D7000C7D64A /* Build configuration list for PBXNativeTarget "N3RVEUITests" */ = {
			isa = XCConfigurationList;
			buildConfigurations = (
				DE29474C21727D7000C7D64A /* Debug */,
				DE29474D21727D7000C7D64A /* Release */,
			);
			defaultConfigurationIsVisible = 0;
			defaultConfigurationName = Release;
		};
/* End XCConfigurationList section */
	};
	rootObject = DE29471521727D6B00C7D64A /* Project object */;
}
